// !$*UTF8*$!
{
	archiveVersion = 1;
	classes = {
	};
	objectVersion = 56;
	objects = {

/* Begin PBXBuildFile section */
		A1000001238D1234567890AB /* EnglishLearnAppApp.swift in Sources */ = {isa = PBXBuildFile; fileRef = A1000011238D1234567890AB /* EnglishLearnAppApp.swift */; };
		A1000002238D1234567890AB /* ContentView.swift in Sources */ = {isa = PBXBuildFile; fileRef = A1000012238D1234567890AB /* ContentView.swift */; };
		A1000003238D1234567890AB /* Word.swift in Sources */ = {isa = PBXBuildFile; fileRef = A1000013238D1234567890AB /* Word.swift */; };
		A1000004238D1234567890AB /* SpeechService.swift in Sources */ = {isa = PBXBuildFile; fileRef = A1000014238D1234567890AB /* SpeechService.swift */; };
		A1000005238D1234567890AB /* SpeechRecognizer.swift in Sources */ = {isa = PBXBuildFile; fileRef = A1000015238D1234567890AB /* SpeechRecognizer.swift */; };
		A1000006238D1234567890AB /* WordListView.swift in Sources */ = {isa = PBXBuildFile; fileRef = A1000016238D1234567890AB /* WordListView.swift */; };
		A1000007238D1234567890AB /* WordPracticeView.swift in Sources */ = {isa = PBXBuildFile; fileRef = A1000017238D1234567890AB /* WordPracticeView.swift */; };
		A1000008238D1234567890AB /* words.json in Resources */ = {isa = PBXBuildFile; fileRef = A1000018238D1234567890AB /* words.json */; };
		A1000009238D1234567890AB /* Assets.xcassets in Resources */ = {isa = PBXBuildFile; fileRef = A1000019238D1234567890AB /* Assets.xcassets */; };
		A100000A238D1234567890AB /* Preview Assets.xcassets in Resources */ = {isa = PBXBuildFile; fileRef = A100001A238D1234567890AB /* Preview Assets.xcassets */; };
		A100000B238D1234567890AB /* SentenceListView.swift in Sources */ = {isa = PBXBuildFile; fileRef = A100001C238D1234567890AB /* SentenceListView.swift */; };
		A100000C238D1234567890AB /* SentencePracticeView.swift in Sources */ = {isa = PBXBuildFile; fileRef = A100001D238D1234567890AB /* SentencePracticeView.swift */; };
		A100000D238D1234567890AB /* AddWordView.swift in Sources */ = {isa = PBXBuildFile; fileRef = A100001E238D1234567890AB /* AddWordView.swift */; };
		A100000E238D1234567890AB /* OpenAIService.swift in Sources */ = {isa = PBXBuildFile; fileRef = A100001F238D1234567890AB /* OpenAIService.swift */; };
		A100000F238D1234567890AB /* SettingsManager.swift in Sources */ = {isa = PBXBuildFile; fileRef = A1000020238D1234567890AB /* SettingsManager.swift */; };
		A1000010238D1234567890AB /* SettingsView.swift in Sources */ = {isa = PBXBuildFile; fileRef = A1000022238D1234567890AB /* SettingsView.swift */; };
		A1000025238D1234567890AB /* TrashView.swift in Sources */ = {isa = PBXBuildFile; fileRef = A1000023238D1234567890AB /* TrashView.swift */; };
		A1000026238D1234567890AB /* EditWordView.swift in Sources */ = {isa = PBXBuildFile; fileRef = A1000024238D1234567890AB /* EditWordView.swift */; };
		A1000075238D1234567890AB /* ArchiveView.swift in Sources */ = {isa = PBXBuildFile; fileRef = A1000074238D1234567890AB /* ArchiveView.swift */; };
		A1000027238D1234567890AB /* AppConfig.swift in Sources */ = {isa = PBXBuildFile; fileRef = A1000028238D1234567890AB /* AppConfig.swift */; };
/* End PBXBuildFile section */

/* Begin PBXFileReference section */
		A1000011238D1234567890AB /* EnglishLearnAppApp.swift */ = {isa = PBXFileReference; lastKnownFileType = sourcecode.swift; path = EnglishLearnAppApp.swift; sourceTree = "<group>"; };
		A1000012238D1234567890AB /* ContentView.swift */ = {isa = PBXFileReference; lastKnownFileType = sourcecode.swift; path = ContentView.swift; sourceTree = "<group>"; };
		A1000013238D1234567890AB /* Word.swift */ = {isa = PBXFileReference; lastKnownFileType = sourcecode.swift; path = Word.swift; sourceTree = "<group>"; };
		A1000014238D1234567890AB /* SpeechService.swift */ = {isa = PBXFileReference; lastKnownFileType = sourcecode.swift; path = SpeechService.swift; sourceTree = "<group>"; };
		A1000015238D1234567890AB /* SpeechRecognizer.swift */ = {isa = PBXFileReference; lastKnownFileType = sourcecode.swift; path = SpeechRecognizer.swift; sourceTree = "<group>"; };
		A1000016238D1234567890AB /* WordListView.swift */ = {isa = PBXFileReference; lastKnownFileType = sourcecode.swift; path = WordListView.swift; sourceTree = "<group>"; };
		A1000017238D1234567890AB /* WordPracticeView.swift */ = {isa = PBXFileReference; lastKnownFileType = sourcecode.swift; path = WordPracticeView.swift; sourceTree = "<group>"; };
		A1000018238D1234567890AB /* words.json */ = {isa = PBXFileReference; lastKnownFileType = text.json; path = words.json; sourceTree = "<group>"; };
		A1000019238D1234567890AB /* Assets.xcassets */ = {isa = PBXFileReference; lastKnownFileType = folder.assetcatalog; path = Assets.xcassets; sourceTree = "<group>"; };
		A100001A238D1234567890AB /* Preview Assets.xcassets */ = {isa = PBXFileReference; lastKnownFileType = folder.assetcatalog; path = "Preview Assets.xcassets"; sourceTree = "<group>"; };
		A100001B238D1234567890AB /* Info.plist */ = {isa = PBXFileReference; lastKnownFileType = text.plist.xml; path = Info.plist; sourceTree = "<group>"; };
		A100001C238D1234567890AB /* SentenceListView.swift */ = {isa = PBXFileReference; lastKnownFileType = sourcecode.swift; path = SentenceListView.swift; sourceTree = "<group>"; };
		A100001D238D1234567890AB /* SentencePracticeView.swift */ = {isa = PBXFileReference; lastKnownFileType = sourcecode.swift; path = SentencePracticeView.swift; sourceTree = "<group>"; };
		A100001E238D1234567890AB /* AddWordView.swift */ = {isa = PBXFileReference; lastKnownFileType = sourcecode.swift; path = AddWordView.swift; sourceTree = "<group>"; };
		A100001F238D1234567890AB /* OpenAIService.swift */ = {isa = PBXFileReference; lastKnownFileType = sourcecode.swift; path = OpenAIService.swift; sourceTree = "<group>"; };
		A1000020238D1234567890AB /* SettingsManager.swift */ = {isa = PBXFileReference; lastKnownFileType = sourcecode.swift; path = SettingsManager.swift; sourceTree = "<group>"; };
		A1000021238D1234567890AB /* EnglishLearnApp.app */ = {isa = PBXFileReference; explicitFileType = wrapper.application; includeInIndex = 0; path = EnglishLearnApp.app; sourceTree = BUILT_PRODUCTS_DIR; };
		A1000022238D1234567890AB /* SettingsView.swift */ = {isa = PBXFileReference; lastKnownFileType = sourcecode.swift; path = SettingsView.swift; sourceTree = "<group>"; };
		A1000023238D1234567890AB /* TrashView.swift */ = {isa = PBXFileReference; lastKnownFileType = sourcecode.swift; path = TrashView.swift; sourceTree = "<group>"; };
		A1000024238D1234567890AB /* EditWordView.swift */ = {isa = PBXFileReference; lastKnownFileType = sourcecode.swift; path = EditWordView.swift; sourceTree = "<group>"; };
		A1000074238D1234567890AB /* ArchiveView.swift */ = {isa = PBXFileReference; lastKnownFileType = sourcecode.swift; path = ArchiveView.swift; sourceTree = "<group>"; };
		A1000028238D1234567890AB /* AppConfig.swift */ = {isa = PBXFileReference; lastKnownFileType = sourcecode.swift; path = AppConfig.swift; sourceTree = "<group>"; };
/* End PBXFileReference section */

/* Begin PBXFrameworksBuildPhase section */
		A100003A238D1234567890AB /* Frameworks */ = {
			isa = PBXFrameworksBuildPhase;
			buildActionMask = 2147483647;
			files = (
			);
			runOnlyForDeploymentPostprocessing = 0;
		};
/* End PBXFrameworksBuildPhase section */

/* Begin PBXGroup section */
		A1000030238D1234567890AB = {
			isa = PBXGroup;
			children = (
				A1000031238D1234567890AB /* EnglishLearnApp */,
				A1000032238D1234567890AB /* Products */,
			);
			sourceTree = "<group>";
		};
		A1000031238D1234567890AB /* EnglishLearnApp */ = {
			isa = PBXGroup;
			children = (
				A1000011238D1234567890AB /* EnglishLearnAppApp.swift */,
				A1000028238D1234567890AB /* AppConfig.swift */,
				A1000033238D1234567890AB /* Models */,
				A1000034238D1234567890AB /* Services */,
				A1000035238D1234567890AB /* Views */,
				A1000036238D1234567890AB /* Resources */,
				A1000019238D1234567890AB /* Assets.xcassets */,
				A100001B238D1234567890AB /* Info.plist */,
				A1000037238D1234567890AB /* Preview Content */,
			);
			path = EnglishLearnApp;
			sourceTree = "<group>";
		};
		A1000032238D1234567890AB /* Products */ = {
			isa = PBXGroup;
			children = (
				A1000021238D1234567890AB /* EnglishLearnApp.app */,
			);
			name = Products;
			sourceTree = "<group>";
		};
		A1000033238D1234567890AB /* Models */ = {
			isa = PBXGroup;
			children = (
				A1000013238D1234567890AB /* Word.swift */,
			);
			path = Models;
			sourceTree = "<group>";
		};
		A1000034238D1234567890AB /* Services */ = {
			isa = PBXGroup;
			children = (
				A1000014238D1234567890AB /* SpeechService.swift */,
				A1000015238D1234567890AB /* SpeechRecognizer.swift */,
				A100001F238D1234567890AB /* OpenAIService.swift */,
				A1000020238D1234567890AB /* SettingsManager.swift */,
			);
			path = Services;
			sourceTree = "<group>";
		};
		A1000035238D1234567890AB /* Views */ = {
			isa = PBXGroup;
			children = (
				A1000012238D1234567890AB /* ContentView.swift */,
				A1000016238D1234567890AB /* WordListView.swift */,
				A1000017238D1234567890AB /* WordPracticeView.swift */,
				A100001C238D1234567890AB /* SentenceListView.swift */,
				A100001D238D1234567890AB /* SentencePracticeView.swift */,
				A100001E238D1234567890AB /* AddWordView.swift */,
				A1000022238D1234567890AB /* SettingsView.swift */,
				A1000023238D1234567890AB /* TrashView.swift */,
				A1000024238D1234567890AB /* EditWordView.swift */,
				A1000074238D1234567890AB /* ArchiveView.swift */,
			);
			path = Views;
			sourceTree = "<group>";
		};
		A1000036238D1234567890AB /* Resources */ = {
			isa = PBXGroup;
			children = (
				A1000018238D1234567890AB /* words.json */,
			);
			path = Resources;
			sourceTree = "<group>";
		};
		A1000037238D1234567890AB /* Preview Content */ = {
			isa = PBXGroup;
			children = (
				A100001A238D1234567890AB /* Preview Assets.xcassets */,
			);
			path = "Preview Content";
			sourceTree = "<group>";
		};
/* End PBXGroup section */

/* Begin PBXNativeTarget section */
		A1000040238D1234567890AB /* EnglishLearnApp */ = {
			isa = PBXNativeTarget;
			buildConfigurationList = A1000050238D1234567890AB /* Build configuration list for PBXNativeTarget "EnglishLearnApp" */;
			buildPhases = (
				A1000041238D1234567890AB /* Sources */,
				A100003A238D1234567890AB /* Frameworks */,
				A1000042238D1234567890AB /* Resources */,
			);
			buildRules = (
			);
			dependencies = (
			);
			name = EnglishLearnApp;
			productName = EnglishLearnApp;
			productReference = A1000021238D1234567890AB /* EnglishLearnApp.app */;
			productType = "com.apple.product-type.application";
		};
/* End PBXNativeTarget section */

/* Begin PBXProject section */
		A1000060238D1234567890AB /* Project object */ = {
			isa = PBXProject;
			attributes = {
				BuildIndependentTargetsInParallel = 1;
				LastSwiftUpdateCheck = 1500;
				LastUpgradeCheck = 2620;
				TargetAttributes = {
					A1000040238D1234567890AB = {
						CreatedOnToolsVersion = 15.0;
					};
				};
			};
			buildConfigurationList = A1000061238D1234567890AB /* Build configuration list for PBXProject "EnglishLearnApp" */;
			compatibilityVersion = "Xcode 14.0";
			developmentRegion = ja;
			hasScannedForEncodings = 0;
			knownRegions = (
				en,
				ja,
				Base,
			);
			mainGroup = A1000030238D1234567890AB;
			productRefGroup = A1000032238D1234567890AB /* Products */;
			projectDirPath = "";
			projectRoot = "";
			targets = (
				A1000040238D1234567890AB /* EnglishLearnApp */,
			);
		};
/* End PBXProject section */

/* Begin PBXResourcesBuildPhase section */
		A1000042238D1234567890AB /* Resources */ = {
			isa = PBXResourcesBuildPhase;
			buildActionMask = 2147483647;
			files = (
				A1000008238D1234567890AB /* words.json in Resources */,
				A1000009238D1234567890AB /* Assets.xcassets in Resources */,
				A100000A238D1234567890AB /* Preview Assets.xcassets in Resources */,
			);
			runOnlyForDeploymentPostprocessing = 0;
		};
/* End PBXResourcesBuildPhase section */

/* Begin PBXSourcesBuildPhase section */
		A1000041238D1234567890AB /* Sources */ = {
			isa = PBXSourcesBuildPhase;
			buildActionMask = 2147483647;
			files = (
				A1000001238D1234567890AB /* EnglishLearnAppApp.swift in Sources */,
				A1000002238D1234567890AB /* ContentView.swift in Sources */,
				A1000003238D1234567890AB /* Word.swift in Sources */,
				A1000004238D1234567890AB /* SpeechService.swift in Sources */,
				A1000005238D1234567890AB /* SpeechRecognizer.swift in Sources */,
				A1000006238D1234567890AB /* WordListView.swift in Sources */,
				A1000007238D1234567890AB /* WordPracticeView.swift in Sources */,
				A100000B238D1234567890AB /* SentenceListView.swift in Sources */,
				A100000C238D1234567890AB /* SentencePracticeView.swift in Sources */,
				A100000D238D1234567890AB /* AddWordView.swift in Sources */,
				A100000E238D1234567890AB /* OpenAIService.swift in Sources */,
				A100000F238D1234567890AB /* SettingsManager.swift in Sources */,
				A1000010238D1234567890AB /* SettingsView.swift in Sources */,
				A1000025238D1234567890AB /* TrashView.swift in Sources */,
				A1000026238D1234567890AB /* EditWordView.swift in Sources */,
				A1000075238D1234567890AB /* ArchiveView.swift in Sources */,
				A1000027238D1234567890AB /* AppConfig.swift in Sources */,
			);
			runOnlyForDeploymentPostprocessing = 0;
		};
/* End PBXSourcesBuildPhase section */

/* Begin XCBuildConfiguration section */
		A1000070238D1234567890AB /* Debug */ = {
			isa = XCBuildConfiguration;
			buildSettings = {
				ALWAYS_SEARCH_USER_PATHS = NO;
				ASSETCATALOG_COMPILER_GENERATE_SWIFT_ASSET_SYMBOL_EXTENSIONS = YES;
				CLANG_ANALYZER_LOCALIZABILITY_NONLOCALIZED = YES;
				CLANG_ANALYZER_NONNULL = YES;
				CLANG_ANALYZER_NUMBER_OBJECT_CONVERSION = YES_AGGRESSIVE;
				CLANG_CXX_LANGUAGE_STANDARD = "gnu++20";
				CLANG_ENABLE_MODULES = YES;
				CLANG_ENABLE_OBJC_ARC = YES;
				CLANG_ENABLE_OBJC_WEAK = YES;
				CLANG_WARN_BLOCK_CAPTURE_AUTORELEASING = YES;
				CLANG_WARN_BOOL_CONVERSION = YES;
				CLANG_WARN_COMMA = YES;
				CLANG_WARN_CONSTANT_CONVERSION = YES;
				CLANG_WARN_DEPRECATED_OBJC_IMPLEMENTATIONS = YES;
				CLANG_WARN_DIRECT_OBJC_ISA_USAGE = YES_ERROR;
				CLANG_WARN_DOCUMENTATION_COMMENTS = YES;
				CLANG_WARN_EMPTY_BODY = YES;
				CLANG_WARN_ENUM_CONVERSION = YES;
				CLANG_WARN_INFINITE_RECURSION = YES;
				CLANG_WARN_INT_CONVERSION = YES;
				CLANG_WARN_NON_LITERAL_NULL_CONVERSION = YES;
				CLANG_WARN_OBJC_IMPLICIT_RETAIN_SELF = YES;
				CLANG_WARN_OBJC_LITERAL_CONVERSION = YES;
				CLANG_WARN_OBJC_ROOT_CLASS = YES_ERROR;
				CLANG_WARN_QUOTED_INCLUDE_IN_FRAMEWORK_HEADER = YES;
				CLANG_WARN_RANGE_LOOP_ANALYSIS = YES;
				CLANG_WARN_STRICT_PROTOTYPES = YES;
				CLANG_WARN_SUSPICIOUS_MOVE = YES;
				CLANG_WARN_UNGUARDED_AVAILABILITY = YES_AGGRESSIVE;
				CLANG_WARN_UNREACHABLE_CODE = YES;
				CLANG_WARN__DUPLICATE_METHOD_MATCH = YES;
				COPY_PHASE_STRIP = NO;
				DEBUG_INFORMATION_FORMAT = dwarf;
				ENABLE_STRICT_OBJC_MSGSEND = YES;
				ENABLE_TESTABILITY = YES;
				ENABLE_USER_SCRIPT_SANDBOXING = YES;
				GCC_C_LANGUAGE_STANDARD = gnu17;
				GCC_DYNAMIC_NO_PIC = NO;
				GCC_NO_COMMON_BLOCKS = YES;
				GCC_OPTIMIZATION_LEVEL = 0;
				GCC_PREPROCESSOR_DEFINITIONS = (
					"DEBUG=1",
					"$(inherited)",
				);
				GCC_WARN_64_TO_32_BIT_CONVERSION = YES;
				GCC_WARN_ABOUT_RETURN_TYPE = YES_ERROR;
				GCC_WARN_UNDECLARED_SELECTOR = YES;
				GCC_WARN_UNINITIALIZED_AUTOS = YES_AGGRESSIVE;
				GCC_WARN_UNUSED_FUNCTION = YES;
				GCC_WARN_UNUSED_VARIABLE = YES;
				IPHONEOS_DEPLOYMENT_TARGET = 17.0;
				LOCALIZATION_PREFERS_STRING_CATALOGS = YES;
				MTL_ENABLE_DEBUG_INFO = INCLUDE_SOURCE;
				MTL_FAST_MATH = YES;
				ONLY_ACTIVE_ARCH = YES;
				SDKROOT = iphoneos;
				STRING_CATALOG_GENERATE_SYMBOLS = YES;
				SWIFT_ACTIVE_COMPILATION_CONDITIONS = "DEBUG $(inherited)";
				SWIFT_OPTIMIZATION_LEVEL = "-Onone";
			};
			name = Debug;
		};
		A1000071238D1234567890AB /* Release */ = {
			isa = XCBuildConfiguration;
			buildSettings = {
				ALWAYS_SEARCH_USER_PATHS = NO;
				ASSETCATALOG_COMPILER_GENERATE_SWIFT_ASSET_SYMBOL_EXTENSIONS = YES;
				CLANG_ANALYZER_LOCALIZABILITY_NONLOCALIZED = YES;
				CLANG_ANALYZER_NONNULL = YES;
				CLANG_ANALYZER_NUMBER_OBJECT_CONVERSION = YES_AGGRESSIVE;
				CLANG_CXX_LANGUAGE_STANDARD = "gnu++20";
				CLANG_ENABLE_MODULES = YES;
				CLANG_ENABLE_OBJC_ARC = YES;
				CLANG_ENABLE_OBJC_WEAK = YES;
				CLANG_WARN_BLOCK_CAPTURE_AUTORELEASING = YES;
				CLANG_WARN_BOOL_CONVERSION = YES;
				CLANG_WARN_COMMA = YES;
				CLANG_WARN_CONSTANT_CONVERSION = YES;
				CLANG_WARN_DEPRECATED_OBJC_IMPLEMENTATIONS = YES;
				CLANG_WARN_DIRECT_OBJC_ISA_USAGE = YES_ERROR;
				CLANG_WARN_DOCUMENTATION_COMMENTS = YES;
				CLANG_WARN_EMPTY_BODY = YES;
				CLANG_WARN_ENUM_CONVERSION = YES;
				CLANG_WARN_INFINITE_RECURSION = YES;
				CLANG_WARN_INT_CONVERSION = YES;
				CLANG_WARN_NON_LITERAL_NULL_CONVERSION = YES;
				CLANG_WARN_OBJC_IMPLICIT_RETAIN_SELF = YES;
				CLANG_WARN_OBJC_LITERAL_CONVERSION = YES;
				CLANG_WARN_OBJC_ROOT_CLASS = YES_ERROR;
				CLANG_WARN_QUOTED_INCLUDE_IN_FRAMEWORK_HEADER = YES;
				CLANG_WARN_RANGE_LOOP_ANALYSIS = YES;
				CLANG_WARN_STRICT_PROTOTYPES = YES;
				CLANG_WARN_SUSPICIOUS_MOVE = YES;
				CLANG_WARN_UNGUARDED_AVAILABILITY = YES_AGGRESSIVE;
				CLANG_WARN_UNREACHABLE_CODE = YES;
				CLANG_WARN__DUPLICATE_METHOD_MATCH = YES;
				COPY_PHASE_STRIP = NO;
				DEBUG_INFORMATION_FORMAT = "dwarf-with-dsym";
				ENABLE_NS_ASSERTIONS = NO;
				ENABLE_STRICT_OBJC_MSGSEND = YES;
				ENABLE_USER_SCRIPT_SANDBOXING = YES;
				GCC_C_LANGUAGE_STANDARD = gnu17;
				GCC_NO_COMMON_BLOCKS = YES;
				GCC_WARN_64_TO_32_BIT_CONVERSION = YES;
				GCC_WARN_ABOUT_RETURN_TYPE = YES_ERROR;
				GCC_WARN_UNDECLARED_SELECTOR = YES;
				GCC_WARN_UNINITIALIZED_AUTOS = YES_AGGRESSIVE;
				GCC_WARN_UNUSED_FUNCTION = YES;
				GCC_WARN_UNUSED_VARIABLE = YES;
				IPHONEOS_DEPLOYMENT_TARGET = 17.0;
				LOCALIZATION_PREFERS_STRING_CATALOGS = YES;
				MTL_ENABLE_DEBUG_INFO = NO;
				MTL_FAST_MATH = YES;
				SDKROOT = iphoneos;
				STRING_CATALOG_GENERATE_SYMBOLS = YES;
				SWIFT_COMPILATION_MODE = wholemodule;
				VALIDATE_PRODUCT = YES;
			};
			name = Release;
		};
		A1000072238D1234567890AB /* Debug */ = {
			isa = XCBuildConfiguration;
			buildSettings = {
				ASSETCATALOG_COMPILER_APPICON_NAME = AppIcon;
				ASSETCATALOG_COMPILER_GLOBAL_ACCENT_COLOR_NAME = AccentColor;
				CODE_SIGN_STYLE = Automatic;
				CURRENT_PROJECT_VERSION = 1;
				DEVELOPMENT_ASSET_PATHS = "\"EnglishLearnApp/Preview Content\"";
				ENABLE_PREVIEWS = YES;
				GENERATE_INFOPLIST_FILE = YES;
				INFOPLIST_FILE = EnglishLearnApp/Info.plist;
				INFOPLIST_KEY_NSMicrophoneUsageDescription = "発音チェックのためにマイクを使用します";
				INFOPLIST_KEY_NSSpeechRecognitionUsageDescription = "発音を認識するために音声認識を使用します";
				INFOPLIST_KEY_UIApplicationSceneManifest_Generation = YES;
				INFOPLIST_KEY_UIApplicationSupportsIndirectInputEvents = YES;
				INFOPLIST_KEY_UILaunchScreen_Generation = YES;
				INFOPLIST_KEY_UISupportedInterfaceOrientations_iPad = "UIInterfaceOrientationPortrait UIInterfaceOrientationPortraitUpsideDown UIInterfaceOrientationLandscapeLeft UIInterfaceOrientationLandscapeRight";
				INFOPLIST_KEY_UISupportedInterfaceOrientations_iPhone = "UIInterfaceOrientationPortrait UIInterfaceOrientationLandscapeLeft UIInterfaceOrientationLandscapeRight";
				LD_RUNPATH_SEARCH_PATHS = (
					"$(inherited)",
					"@executable_path/Frameworks",
				);
				MARKETING_VERSION = 1.0;
				PRODUCT_BUNDLE_IDENTIFIER = com.example.EnglishLearnApp;
				PRODUCT_NAME = "$(TARGET_NAME)";
				SWIFT_EMIT_LOC_STRINGS = YES;
				SWIFT_VERSION = 5.0;
				TARGETED_DEVICE_FAMILY = "1,2";
			};
			name = Debug;
		};
		A1000073238D1234567890AB /* Release */ = {
			isa = XCBuildConfiguration;
			buildSettings = {
				ASSETCATALOG_COMPILER_APPICON_NAME = AppIcon;
				ASSETCATALOG_COMPILER_GLOBAL_ACCENT_COLOR_NAME = AccentColor;
				CODE_SIGN_STYLE = Automatic;
				CURRENT_PROJECT_VERSION = 1;
				DEVELOPMENT_ASSET_PATHS = "\"EnglishLearnApp/Preview Content\"";
				ENABLE_PREVIEWS = YES;
				GENERATE_INFOPLIST_FILE = YES;
				INFOPLIST_FILE = EnglishLearnApp/Info.plist;
				INFOPLIST_KEY_NSMicrophoneUsageDescription = "発音チェックのためにマイクを使用します";
				INFOPLIST_KEY_NSSpeechRecognitionUsageDescription = "発音を認識するために音声認識を使用します";
				INFOPLIST_KEY_UIApplicationSceneManifest_Generation = YES;
				INFOPLIST_KEY_UIApplicationSupportsIndirectInputEvents = YES;
				INFOPLIST_KEY_UILaunchScreen_Generation = YES;
				INFOPLIST_KEY_UISupportedInterfaceOrientations_iPad = "UIInterfaceOrientationPortrait UIInterfaceOrientationPortraitUpsideDown UIInterfaceOrientationLandscapeLeft UIInterfaceOrientationLandscapeRight";
				INFOPLIST_KEY_UISupportedInterfaceOrientations_iPhone = "UIInterfaceOrientationPortrait UIInterfaceOrientationLandscapeLeft UIInterfaceOrientationLandscapeRight";
				LD_RUNPATH_SEARCH_PATHS = (
					"$(inherited)",
					"@executable_path/Frameworks",
				);
				MARKETING_VERSION = 1.0;
				PRODUCT_BUNDLE_IDENTIFIER = com.example.EnglishLearnApp;
				PRODUCT_NAME = "$(TARGET_NAME)";
				SWIFT_EMIT_LOC_STRINGS = YES;
				SWIFT_VERSION = 5.0;
				TARGETED_DEVICE_FAMILY = "1,2";
			};
			name = Release;
		};
/* End XCBuildConfiguration section */

/* Begin XCConfigurationList section */
		A1000050238D1234567890AB /* Build configuration list for PBXNativeTarget "EnglishLearnApp" */ = {
			isa = XCConfigurationList;
			buildConfigurations = (
				A1000072238D1234567890AB /* Debug */,
				A1000073238D1234567890AB /* Release */,
			);
			defaultConfigurationIsVisible = 0;
			defaultConfigurationName = Release;
		};
		A1000061238D1234567890AB /* Build configuration list for PBXProject "EnglishLearnApp" */ = {
			isa = XCConfigurationList;
			buildConfigurations = (
				A1000070238D1234567890AB /* Debug */,
				A1000071238D1234567890AB /* Release */,
			);
			defaultConfigurationIsVisible = 0;
			defaultConfigurationName = Release;
		};
/* End XCConfigurationList section */
	};
	rootObject = A1000060238D1234567890AB /* Project object */;
}
